
Microsoft Visual Studio Solution File, Format Version 12.00
# Visual Studio Version 17
VisualStudioVersion = 17.7.34031.279
MinimumVisualStudioVersion = 10.0.40219.1
Project("{FAE04EC0-301F-11D3-BF4B-00C04F79EFBC}") = "BugTrackerApi", "BugTrackerApi\BugTrackerApi.csproj", "{7482BFB2-91FB-48BC-AF4B-6D0297FDB9A3}"
EndProject
Project("{FAE04EC0-301F-11D3-BF4B-00C04F79EFBC}") = "BugTrackingApi.ContractTests", "BugTrackingApi.ContractTests\BugTrackingApi.ContractTests.csproj", "{FED66E25-25E3-4A50-B1CF-F99A5D292C37}"
EndProject
Project("{2150E333-8FDC-42A3-9474-1A3956D46DE8}") = "Models", "Models", "{8B84F7EE-AEE7-4B9F-AFCD-E2940F9D9E8E}"
	ProjectSection(SolutionItems) = preProject
		BugReports.cs = BugReports.cs
	EndProjectSection
EndProject
Global
	GlobalSection(SolutionConfigurationPlatforms) = preSolution
		Debug|Any CPU = Debug|Any CPU
		Release|Any CPU = Release|Any CPU
	EndGlobalSection
	GlobalSection(ProjectConfigurationPlatforms) = postSolution
		{7482BFB2-91FB-48BC-AF4B-6D0297FDB9A3}.Debug|Any CPU.ActiveCfg = Debug|Any CPU
		{7482BFB2-91FB-48BC-AF4B-6D0297FDB9A3}.Debug|Any CPU.Build.0 = Debug|Any CPU
		{7482BFB2-91FB-48BC-AF4B-6D0297FDB9A3}.Release|Any CPU.ActiveCfg = Release|Any CPU
		{7482BFB2-91FB-48BC-AF4B-6D0297FDB9A3}.Release|Any CPU.Build.0 = Release|Any CPU
		{FED66E25-25E3-4A50-B1CF-F99A5D292C37}.Debug|Any CPU.ActiveCfg = Debug|Any CPU
		{FED66E25-25E3-4A50-B1CF-F99A5D292C37}.Debug|Any CPU.Build.0 = Debug|Any CPU
		{FED66E25-25E3-4A50-B1CF-F99A5D292C37}.Release|Any CPU.ActiveCfg = Release|Any CPU
		{FED66E25-25E3-4A50-B1CF-F99A5D292C37}.Release|Any CPU.Build.0 = Release|Any CPU
	EndGlobalSection
	GlobalSection(SolutionProperties) = preSolution
		HideSolutionNode = FALSE
	EndGlobalSection
	GlobalSection(ExtensibilityGlobals) = postSolution
		SolutionGuid = {A521B501-DE2F-4D5D-9D30-D3A23C0440EB}
	EndGlobalSection
EndGlobal
